
Microsoft Visual Studio Solution File, Format Version 12.00
# Visual Studio 15
VisualStudioVersion = 15.0.27130.2020
MinimumVisualStudioVersion = 10.0.40219.1
Project("{FAE04EC0-301F-11D3-BF4B-00C04F79EFBC}") = "AngularCRUD", "AngularCRUD\AngularCRUD.csproj", "{B453F532-3E51-473D-861E-FEAECF18A175}"
EndProject
Global
	GlobalSection(SolutionConfigurationPlatforms) = preSolution
		Debug|Any CPU = Debug|Any CPU
		Release|Any CPU = Release|Any CPU
	EndGlobalSection
	GlobalSection(ProjectConfigurationPlatforms) = postSolution
		{B453F532-3E51-473D-861E-FEAECF18A175}.Debug|Any CPU.ActiveCfg = Debug|Any CPU
		{B453F532-3E51-473D-861E-FEAECF18A175}.Debug|Any CPU.Build.0 = Debug|Any CPU
		{B453F532-3E51-473D-861E-FEAECF18A175}.Release|Any CPU.ActiveCfg = Release|Any CPU
		{B453F532-3E51-473D-861E-FEAECF18A175}.Release|Any CPU.Build.0 = Release|Any CPU
	EndGlobalSection
	GlobalSection(SolutionProperties) = preSolution
		HideSolutionNode = FALSE
	EndGlobalSection
	GlobalSection(ExtensibilityGlobals) = postSolution
		SolutionGuid = {8F0933B8-F2BE-4CF9-B8B6-BCF054276DE6}
	EndGlobalSection
EndGlobal
